// !$*UTF8*$!
{
	archiveVersion = 1;
	classes = {
	};
	objectVersion = 50;
	objects = {

/* Begin PBXBuildFile section */
		9B878CBC25A8057800BB6D71 /* YZMetalFilter.m in Sources */ = {isa = PBXBuildFile; fileRef = 9B878CBB25A8057800BB6D71 /* YZMetalFilter.m */; };
		9B878CC025A8091C00BB6D71 /* YZMetalOutput.m in Sources */ = {isa = PBXBuildFile; fileRef = 9B878CBF25A8091C00BB6D71 /* YZMetalOutput.m */; };
		9B878CC925A8307F00BB6D71 /* YZNewPixelBuffer.m in Sources */ = {isa = PBXBuildFile; fileRef = 9B878CC825A8307F00BB6D71 /* YZNewPixelBuffer.m */; };
		9BA2CAD2258DF89B0048F5E6 /* YZBrightness.m in Sources */ = {isa = PBXBuildFile; fileRef = 9BA2CAD1258DF89B0048F5E6 /* YZBrightness.m */; };
		9BA2CAD6258DF8A60048F5E6 /* YZBrightness.metal in Sources */ = {isa = PBXBuildFile; fileRef = 9BA2CAD5258DF8A60048F5E6 /* YZBrightness.metal */; };
		9BB00042257FB7F400207AF3 /* AppDelegate.m in Sources */ = {isa = PBXBuildFile; fileRef = 9BB00041257FB7F400207AF3 /* AppDelegate.m */; };
		9BB0004B257FB7F400207AF3 /* Main.storyboard in Resources */ = {isa = PBXBuildFile; fileRef = 9BB00049257FB7F400207AF3 /* Main.storyboard */; };
		9BB0004D257FB7F600207AF3 /* Assets.xcassets in Resources */ = {isa = PBXBuildFile; fileRef = 9BB0004C257FB7F600207AF3 /* Assets.xcassets */; };
		9BB00050257FB7F600207AF3 /* LaunchScreen.storyboard in Resources */ = {isa = PBXBuildFile; fileRef = 9BB0004E257FB7F600207AF3 /* LaunchScreen.storyboard */; };
		9BB00053257FB7F600207AF3 /* main.m in Sources */ = {isa = PBXBuildFile; fileRef = 9BB00052257FB7F600207AF3 /* main.m */; };
		9BB00062257FBA5500207AF3 /* FirstViewController.m in Sources */ = {isa = PBXBuildFile; fileRef = 9BB00061257FBA5500207AF3 /* FirstViewController.m */; };
		9BB0006A25806D4200207AF3 /* YZVideoCamera.m in Sources */ = {isa = PBXBuildFile; fileRef = 9BB0006925806D4200207AF3 /* YZVideoCamera.m */; };
		9BB000972581FF7600207AF3 /* YZMTKView.m in Sources */ = {isa = PBXBuildFile; fileRef = 9BB000962581FF7600207AF3 /* YZMTKView.m */; };
		9BB000A12582019400207AF3 /* YZYUVToRGBConversion.metal in Sources */ = {isa = PBXBuildFile; fileRef = 9BB0009F2582019400207AF3 /* YZYUVToRGBConversion.metal */; };
		9BB00123258365C900207AF3 /* YZMetalDevice.m in Sources */ = {isa = PBXBuildFile; fileRef = 9BB00122258365C900207AF3 /* YZMetalDevice.m */; };
		9BB001432583852000207AF3 /* YZMetalOrientation.m in Sources */ = {isa = PBXBuildFile; fileRef = 9BB001422583852000207AF3 /* YZMetalOrientation.m */; };
		9BF4D17D25A70CC700DFFE5C /* YZVertexFragment.metal in Sources */ = {isa = PBXBuildFile; fileRef = 9BF4D17C25A70CC700DFFE5C /* YZVertexFragment.metal */; };
/* End PBXBuildFile section */

/* Begin PBXFileReference section */
		9B878CBA25A8057800BB6D71 /* YZMetalFilter.h */ = {isa = PBXFileReference; lastKnownFileType = sourcecode.c.h; path = YZMetalFilter.h; sourceTree = "<group>"; };
		9B878CBB25A8057800BB6D71 /* YZMetalFilter.m */ = {isa = PBXFileReference; lastKnownFileType = sourcecode.c.objc; path = YZMetalFilter.m; sourceTree = "<group>"; };
		9B878CBE25A8091C00BB6D71 /* YZMetalOutput.h */ = {isa = PBXFileReference; lastKnownFileType = sourcecode.c.h; path = YZMetalOutput.h; sourceTree = "<group>"; };
		9B878CBF25A8091C00BB6D71 /* YZMetalOutput.m */ = {isa = PBXFileReference; lastKnownFileType = sourcecode.c.objc; path = YZMetalOutput.m; sourceTree = "<group>"; };
		9B878CC225A80AA000BB6D71 /* YZFilterProtocol.h */ = {isa = PBXFileReference; lastKnownFileType = sourcecode.c.h; path = YZFilterProtocol.h; sourceTree = "<group>"; };
		9B878CC725A8307F00BB6D71 /* YZNewPixelBuffer.h */ = {isa = PBXFileReference; lastKnownFileType = sourcecode.c.h; path = YZNewPixelBuffer.h; sourceTree = "<group>"; };
		9B878CC825A8307F00BB6D71 /* YZNewPixelBuffer.m */ = {isa = PBXFileReference; lastKnownFileType = sourcecode.c.objc; path = YZNewPixelBuffer.m; sourceTree = "<group>"; };
		9BA2CAD0258DF89B0048F5E6 /* YZBrightness.h */ = {isa = PBXFileReference; lastKnownFileType = sourcecode.c.h; path = YZBrightness.h; sourceTree = "<group>"; };
		9BA2CAD1258DF89B0048F5E6 /* YZBrightness.m */ = {isa = PBXFileReference; lastKnownFileType = sourcecode.c.objc; path = YZBrightness.m; sourceTree = "<group>"; };
		9BA2CAD5258DF8A60048F5E6 /* YZBrightness.metal */ = {isa = PBXFileReference; fileEncoding = 4; lastKnownFileType = sourcecode.metal; path = YZBrightness.metal; sourceTree = "<group>"; };
		9BB0003D257FB7F400207AF3 /* YZMetalLib.app */ = {isa = PBXFileReference; explicitFileType = wrapper.application; includeInIndex = 0; path = YZMetalLib.app; sourceTree = BUILT_PRODUCTS_DIR; };
		9BB00040257FB7F400207AF3 /* AppDelegate.h */ = {isa = PBXFileReference; lastKnownFileType = sourcecode.c.h; path = AppDelegate.h; sourceTree = "<group>"; };
		9BB00041257FB7F400207AF3 /* AppDelegate.m */ = {isa = PBXFileReference; lastKnownFileType = sourcecode.c.objc; path = AppDelegate.m; sourceTree = "<group>"; };
		9BB0004A257FB7F400207AF3 /* Base */ = {isa = PBXFileReference; lastKnownFileType = file.storyboard; name = Base; path = Base.lproj/Main.storyboard; sourceTree = "<group>"; };
		9BB0004C257FB7F600207AF3 /* Assets.xcassets */ = {isa = PBXFileReference; lastKnownFileType = folder.assetcatalog; path = Assets.xcassets; sourceTree = "<group>"; };
		9BB0004F257FB7F600207AF3 /* Base */ = {isa = PBXFileReference; lastKnownFileType = file.storyboard; name = Base; path = Base.lproj/LaunchScreen.storyboard; sourceTree = "<group>"; };
		9BB00051257FB7F600207AF3 /* Info.plist */ = {isa = PBXFileReference; lastKnownFileType = text.plist.xml; path = Info.plist; sourceTree = "<group>"; };
		9BB00052257FB7F600207AF3 /* main.m */ = {isa = PBXFileReference; lastKnownFileType = sourcecode.c.objc; path = main.m; sourceTree = "<group>"; };
		9BB00060257FBA5500207AF3 /* FirstViewController.h */ = {isa = PBXFileReference; lastKnownFileType = sourcecode.c.h; path = FirstViewController.h; sourceTree = "<group>"; };
		9BB00061257FBA5500207AF3 /* FirstViewController.m */ = {isa = PBXFileReference; lastKnownFileType = sourcecode.c.objc; path = FirstViewController.m; sourceTree = "<group>"; };
		9BB0006825806D4200207AF3 /* YZVideoCamera.h */ = {isa = PBXFileReference; lastKnownFileType = sourcecode.c.h; path = YZVideoCamera.h; sourceTree = "<group>"; };
		9BB0006925806D4200207AF3 /* YZVideoCamera.m */ = {isa = PBXFileReference; lastKnownFileType = sourcecode.c.objc; path = YZVideoCamera.m; sourceTree = "<group>"; };
		9BB000952581FF7600207AF3 /* YZMTKView.h */ = {isa = PBXFileReference; lastKnownFileType = sourcecode.c.h; path = YZMTKView.h; sourceTree = "<group>"; };
		9BB000962581FF7600207AF3 /* YZMTKView.m */ = {isa = PBXFileReference; lastKnownFileType = sourcecode.c.objc; path = YZMTKView.m; sourceTree = "<group>"; };
		9BB0009E2582019400207AF3 /* YZShaderTypes.h */ = {isa = PBXFileReference; fileEncoding = 4; lastKnownFileType = sourcecode.c.h; path = YZShaderTypes.h; sourceTree = "<group>"; };
		9BB0009F2582019400207AF3 /* YZYUVToRGBConversion.metal */ = {isa = PBXFileReference; fileEncoding = 4; lastKnownFileType = sourcecode.metal; path = YZYUVToRGBConversion.metal; sourceTree = "<group>"; };
		9BB00121258365C900207AF3 /* YZMetalDevice.h */ = {isa = PBXFileReference; lastKnownFileType = sourcecode.c.h; path = YZMetalDevice.h; sourceTree = "<group>"; };
		9BB00122258365C900207AF3 /* YZMetalDevice.m */ = {isa = PBXFileReference; lastKnownFileType = sourcecode.c.objc; path = YZMetalDevice.m; sourceTree = "<group>"; };
		9BB001412583852000207AF3 /* YZMetalOrientation.h */ = {isa = PBXFileReference; lastKnownFileType = sourcecode.c.h; path = YZMetalOrientation.h; sourceTree = "<group>"; };
		9BB001422583852000207AF3 /* YZMetalOrientation.m */ = {isa = PBXFileReference; lastKnownFileType = sourcecode.c.objc; path = YZMetalOrientation.m; sourceTree = "<group>"; };
		9BF4D17C25A70CC700DFFE5C /* YZVertexFragment.metal */ = {isa = PBXFileReference; lastKnownFileType = sourcecode.metal; path = YZVertexFragment.metal; sourceTree = "<group>"; };
/* End PBXFileReference section */

/* Begin PBXFrameworksBuildPhase section */
		9BB0003A257FB7F400207AF3 /* Frameworks */ = {
			isa = PBXFrameworksBuildPhase;
			buildActionMask = 2147483647;
			files = (
			);
			runOnlyForDeploymentPostprocessing = 0;
		};
/* End PBXFrameworksBuildPhase section */

/* Begin PBXGroup section */
		9BA2CACA258DF8430048F5E6 /* Filter */ = {
			isa = PBXGroup;
			children = (
				9BA2CAD0258DF89B0048F5E6 /* YZBrightness.h */,
				9BA2CAD1258DF89B0048F5E6 /* YZBrightness.m */,
			);
			path = Filter;
			sourceTree = "<group>";
		};
		9BB00034257FB7F400207AF3 = {
			isa = PBXGroup;
			children = (
				9BB0003F257FB7F400207AF3 /* YZMetalLib */,
				9BB0003E257FB7F400207AF3 /* Products */,
			);
			sourceTree = "<group>";
		};
		9BB0003E257FB7F400207AF3 /* Products */ = {
			isa = PBXGroup;
			children = (
				9BB0003D257FB7F400207AF3 /* YZMetalLib.app */,
			);
			name = Products;
			sourceTree = "<group>";
		};
		9BB0003F257FB7F400207AF3 /* YZMetalLib */ = {
			isa = PBXGroup;
			children = (
				9BB00040257FB7F400207AF3 /* AppDelegate.h */,
				9BB00041257FB7F400207AF3 /* AppDelegate.m */,
				9BB00060257FBA5500207AF3 /* FirstViewController.h */,
				9BB00061257FBA5500207AF3 /* FirstViewController.m */,
				9BB0006625806D0600207AF3 /* Metal */,
				9BB00049257FB7F400207AF3 /* Main.storyboard */,
				9BB0004C257FB7F600207AF3 /* Assets.xcassets */,
				9BB0004E257FB7F600207AF3 /* LaunchScreen.storyboard */,
				9BB00051257FB7F600207AF3 /* Info.plist */,
				9BB00052257FB7F600207AF3 /* main.m */,
			);
			path = YZMetalLib;
			sourceTree = "<group>";
		};
		9BB0006625806D0600207AF3 /* Metal */ = {
			isa = PBXGroup;
			children = (
				9BB000942581FF5200207AF3 /* Output */,
				9BB000702580B26300207AF3 /* Base */,
				9BB0006725806D2500207AF3 /* Input */,
				9BA2CACA258DF8430048F5E6 /* Filter */,
				9BB0009D2582015A00207AF3 /* Metal */,
			);
			path = Metal;
			sourceTree = "<group>";
		};
		9BB0006725806D2500207AF3 /* Input */ = {
			isa = PBXGroup;
			children = (
				9BB0006825806D4200207AF3 /* YZVideoCamera.h */,
				9BB0006925806D4200207AF3 /* YZVideoCamera.m */,
			);
			path = Input;
			sourceTree = "<group>";
		};
		9BB000702580B26300207AF3 /* Base */ = {
			isa = PBXGroup;
			children = (
				9BB00121258365C900207AF3 /* YZMetalDevice.h */,
				9BB00122258365C900207AF3 /* YZMetalDevice.m */,
				9BB001412583852000207AF3 /* YZMetalOrientation.h */,
				9BB001422583852000207AF3 /* YZMetalOrientation.m */,
				9B878CBA25A8057800BB6D71 /* YZMetalFilter.h */,
				9B878CBB25A8057800BB6D71 /* YZMetalFilter.m */,
				9B878CC225A80AA000BB6D71 /* YZFilterProtocol.h */,
			);
			path = Base;
			sourceTree = "<group>";
		};
		9BB000942581FF5200207AF3 /* Output */ = {
			isa = PBXGroup;
			children = (
				9BB000952581FF7600207AF3 /* YZMTKView.h */,
				9BB000962581FF7600207AF3 /* YZMTKView.m */,
				9B878CBE25A8091C00BB6D71 /* YZMetalOutput.h */,
				9B878CBF25A8091C00BB6D71 /* YZMetalOutput.m */,
				9B878CC725A8307F00BB6D71 /* YZNewPixelBuffer.h */,
				9B878CC825A8307F00BB6D71 /* YZNewPixelBuffer.m */,
			);
			path = Output;
			sourceTree = "<group>";
		};
		9BB0009D2582015A00207AF3 /* Metal */ = {
			isa = PBXGroup;
			children = (
				9BB0009E2582019400207AF3 /* YZShaderTypes.h */,
				9BA2CAD5258DF8A60048F5E6 /* YZBrightness.metal */,
				9BF4D17C25A70CC700DFFE5C /* YZVertexFragment.metal */,
				9BB0009F2582019400207AF3 /* YZYUVToRGBConversion.metal */,
			);
			path = Metal;
			sourceTree = "<group>";
		};
/* End PBXGroup section */

/* Begin PBXNativeTarget section */
		9BB0003C257FB7F400207AF3 /* YZMetalLib */ = {
			isa = PBXNativeTarget;
			buildConfigurationList = 9BB00056257FB7F600207AF3 /* Build configuration list for PBXNativeTarget "YZMetalLib" */;
			buildPhases = (
				9BB00039257FB7F400207AF3 /* Sources */,
				9BB0003A257FB7F400207AF3 /* Frameworks */,
				9BB0003B257FB7F400207AF3 /* Resources */,
			);
			buildRules = (
			);
			dependencies = (
			);
			name = YZMetalLib;
			productName = YZMetalLib;
			productReference = 9BB0003D257FB7F400207AF3 /* YZMetalLib.app */;
			productType = "com.apple.product-type.application";
		};
/* End PBXNativeTarget section */

/* Begin PBXProject section */
		9BB00035257FB7F400207AF3 /* Project object */ = {
			isa = PBXProject;
			attributes = {
				LastUpgradeCheck = 1220;
				TargetAttributes = {
					9BB0003C257FB7F400207AF3 = {
						CreatedOnToolsVersion = 12.2;
					};
				};
			};
			buildConfigurationList = 9BB00038257FB7F400207AF3 /* Build configuration list for PBXProject "YZMetalLib" */;
			compatibilityVersion = "Xcode 9.3";
			developmentRegion = en;
			hasScannedForEncodings = 0;
			knownRegions = (
				en,
				Base,
			);
			mainGroup = 9BB00034257FB7F400207AF3;
			productRefGroup = 9BB0003E257FB7F400207AF3 /* Products */;
			projectDirPath = "";
			projectRoot = "";
			targets = (
				9BB0003C257FB7F400207AF3 /* YZMetalLib */,
			);
		};
/* End PBXProject section */

/* Begin PBXResourcesBuildPhase section */
		9BB0003B257FB7F400207AF3 /* Resources */ = {
			isa = PBXResourcesBuildPhase;
			buildActionMask = 2147483647;
			files = (
				9BB00050257FB7F600207AF3 /* LaunchScreen.storyboard in Resources */,
				9BB0004D257FB7F600207AF3 /* Assets.xcassets in Resources */,
				9BB0004B257FB7F400207AF3 /* Main.storyboard in Resources */,
			);
			runOnlyForDeploymentPostprocessing = 0;
		};
/* End PBXResourcesBuildPhase section */

/* Begin PBXSourcesBuildPhase section */
		9BB00039257FB7F400207AF3 /* Sources */ = {
			isa = PBXSourcesBuildPhase;
			buildActionMask = 2147483647;
			files = (
				9BB000972581FF7600207AF3 /* YZMTKView.m in Sources */,
				9BA2CAD6258DF8A60048F5E6 /* YZBrightness.metal in Sources */,
				9BF4D17D25A70CC700DFFE5C /* YZVertexFragment.metal in Sources */,
				9BA2CAD2258DF89B0048F5E6 /* YZBrightness.m in Sources */,
				9BB00042257FB7F400207AF3 /* AppDelegate.m in Sources */,
				9BB000A12582019400207AF3 /* YZYUVToRGBConversion.metal in Sources */,
				9B878CC925A8307F00BB6D71 /* YZNewPixelBuffer.m in Sources */,
				9BB0006A25806D4200207AF3 /* YZVideoCamera.m in Sources */,
				9B878CBC25A8057800BB6D71 /* YZMetalFilter.m in Sources */,
				9BB00062257FBA5500207AF3 /* FirstViewController.m in Sources */,
				9BB00123258365C900207AF3 /* YZMetalDevice.m in Sources */,
				9BB00053257FB7F600207AF3 /* main.m in Sources */,
				9BB001432583852000207AF3 /* YZMetalOrientation.m in Sources */,
				9B878CC025A8091C00BB6D71 /* YZMetalOutput.m in Sources */,
			);
			runOnlyForDeploymentPostprocessing = 0;
		};
/* End PBXSourcesBuildPhase section */

/* Begin PBXVariantGroup section */
		9BB00049257FB7F400207AF3 /* Main.storyboard */ = {
			isa = PBXVariantGroup;
			children = (
				9BB0004A257FB7F400207AF3 /* Base */,
			);
			name = Main.storyboard;
			sourceTree = "<group>";
		};
		9BB0004E257FB7F600207AF3 /* LaunchScreen.storyboard */ = {
			isa = PBXVariantGroup;
			children = (
				9BB0004F257FB7F600207AF3 /* Base */,
			);
			name = LaunchScreen.storyboard;
			sourceTree = "<group>";
		};
/* End PBXVariantGroup section */

/* Begin XCBuildConfiguration section */
		9BB00054257FB7F600207AF3 /* Debug */ = {
			isa = XCBuildConfiguration;
			buildSettings = {
				ALWAYS_SEARCH_USER_PATHS = NO;
				CLANG_ANALYZER_NONNULL = YES;
				CLANG_ANALYZER_NUMBER_OBJECT_CONVERSION = YES_AGGRESSIVE;
				CLANG_CXX_LANGUAGE_STANDARD = "gnu++14";
				CLANG_CXX_LIBRARY = "libc++";
				CLANG_ENABLE_MODULES = YES;
				CLANG_ENABLE_OBJC_ARC = YES;
				CLANG_ENABLE_OBJC_WEAK = YES;
				CLANG_WARN_BLOCK_CAPTURE_AUTORELEASING = YES;
				CLANG_WARN_BOOL_CONVERSION = YES;
				CLANG_WARN_COMMA = YES;
				CLANG_WARN_CONSTANT_CONVERSION = YES;
				CLANG_WARN_DEPRECATED_OBJC_IMPLEMENTATIONS = YES;
				CLANG_WARN_DIRECT_OBJC_ISA_USAGE = YES_ERROR;
				CLANG_WARN_DOCUMENTATION_COMMENTS = YES;
				CLANG_WARN_EMPTY_BODY = YES;
				CLANG_WARN_ENUM_CONVERSION = YES;
				CLANG_WARN_INFINITE_RECURSION = YES;
				CLANG_WARN_INT_CONVERSION = YES;
				CLANG_WARN_NON_LITERAL_NULL_CONVERSION = YES;
				CLANG_WARN_OBJC_IMPLICIT_RETAIN_SELF = YES;
				CLANG_WARN_OBJC_LITERAL_CONVERSION = YES;
				CLANG_WARN_OBJC_ROOT_CLASS = YES_ERROR;
				CLANG_WARN_QUOTED_INCLUDE_IN_FRAMEWORK_HEADER = YES;
				CLANG_WARN_RANGE_LOOP_ANALYSIS = YES;
				CLANG_WARN_STRICT_PROTOTYPES = YES;
				CLANG_WARN_SUSPICIOUS_MOVE = YES;
				CLANG_WARN_UNGUARDED_AVAILABILITY = YES_AGGRESSIVE;
				CLANG_WARN_UNREACHABLE_CODE = YES;
				CLANG_WARN__DUPLICATE_METHOD_MATCH = YES;
				COPY_PHASE_STRIP = NO;
				DEBUG_INFORMATION_FORMAT = dwarf;
				ENABLE_STRICT_OBJC_MSGSEND = YES;
				ENABLE_TESTABILITY = YES;
				GCC_C_LANGUAGE_STANDARD = gnu11;
				GCC_DYNAMIC_NO_PIC = NO;
				GCC_NO_COMMON_BLOCKS = YES;
				GCC_OPTIMIZATION_LEVEL = 0;
				GCC_PREPROCESSOR_DEFINITIONS = (
					"DEBUG=1",
					"$(inherited)",
				);
				GCC_WARN_64_TO_32_BIT_CONVERSION = YES;
				GCC_WARN_ABOUT_RETURN_TYPE = YES_ERROR;
				GCC_WARN_UNDECLARED_SELECTOR = YES;
				GCC_WARN_UNINITIALIZED_AUTOS = YES_AGGRESSIVE;
				GCC_WARN_UNUSED_FUNCTION = YES;
				GCC_WARN_UNUSED_VARIABLE = YES;
				IPHONEOS_DEPLOYMENT_TARGET = 14.2;
				MTL_ENABLE_DEBUG_INFO = INCLUDE_SOURCE;
				MTL_FAST_MATH = YES;
				ONLY_ACTIVE_ARCH = YES;
				SDKROOT = iphoneos;
			};
			name = Debug;
		};
		9BB00055257FB7F600207AF3 /* Release */ = {
			isa = XCBuildConfiguration;
			buildSettings = {
				ALWAYS_SEARCH_USER_PATHS = NO;
				CLANG_ANALYZER_NONNULL = YES;
				CLANG_ANALYZER_NUMBER_OBJECT_CONVERSION = YES_AGGRESSIVE;
				CLANG_CXX_LANGUAGE_STANDARD = "gnu++14";
				CLANG_CXX_LIBRARY = "libc++";
				CLANG_ENABLE_MODULES = YES;
				CLANG_ENABLE_OBJC_ARC = YES;
				CLANG_ENABLE_OBJC_WEAK = YES;
				CLANG_WARN_BLOCK_CAPTURE_AUTORELEASING = YES;
				CLANG_WARN_BOOL_CONVERSION = YES;
				CLANG_WARN_COMMA = YES;
				CLANG_WARN_CONSTANT_CONVERSION = YES;
				CLANG_WARN_DEPRECATED_OBJC_IMPLEMENTATIONS = YES;
				CLANG_WARN_DIRECT_OBJC_ISA_USAGE = YES_ERROR;
				CLANG_WARN_DOCUMENTATION_COMMENTS = YES;
				CLANG_WARN_EMPTY_BODY = YES;
				CLANG_WARN_ENUM_CONVERSION = YES;
				CLANG_WARN_INFINITE_RECURSION = YES;
				CLANG_WARN_INT_CONVERSION = YES;
				CLANG_WARN_NON_LITERAL_NULL_CONVERSION = YES;
				CLANG_WARN_OBJC_IMPLICIT_RETAIN_SELF = YES;
				CLANG_WARN_OBJC_LITERAL_CONVERSION = YES;
				CLANG_WARN_OBJC_ROOT_CLASS = YES_ERROR;
				CLANG_WARN_QUOTED_INCLUDE_IN_FRAMEWORK_HEADER = YES;
				CLANG_WARN_RANGE_LOOP_ANALYSIS = YES;
				CLANG_WARN_STRICT_PROTOTYPES = YES;
				CLANG_WARN_SUSPICIOUS_MOVE = YES;
				CLANG_WARN_UNGUARDED_AVAILABILITY = YES_AGGRESSIVE;
				CLANG_WARN_UNREACHABLE_CODE = YES;
				CLANG_WARN__DUPLICATE_METHOD_MATCH = YES;
				COPY_PHASE_STRIP = NO;
				DEBUG_INFORMATION_FORMAT = "dwarf-with-dsym";
				ENABLE_NS_ASSERTIONS = NO;
				ENABLE_STRICT_OBJC_MSGSEND = YES;
				GCC_C_LANGUAGE_STANDARD = gnu11;
				GCC_NO_COMMON_BLOCKS = YES;
				GCC_WARN_64_TO_32_BIT_CONVERSION = YES;
				GCC_WARN_ABOUT_RETURN_TYPE = YES_ERROR;
				GCC_WARN_UNDECLARED_SELECTOR = YES;
				GCC_WARN_UNINITIALIZED_AUTOS = YES_AGGRESSIVE;
				GCC_WARN_UNUSED_FUNCTION = YES;
				GCC_WARN_UNUSED_VARIABLE = YES;
				IPHONEOS_DEPLOYMENT_TARGET = 14.2;
				MTL_ENABLE_DEBUG_INFO = NO;
				MTL_FAST_MATH = YES;
				SDKROOT = iphoneos;
				VALIDATE_PRODUCT = YES;
			};
			name = Release;
		};
		9BB00057257FB7F600207AF3 /* Debug */ = {
			isa = XCBuildConfiguration;
			buildSettings = {
				ASSETCATALOG_COMPILER_APPICON_NAME = AppIcon;
				ASSETCATALOG_COMPILER_GLOBAL_ACCENT_COLOR_NAME = AccentColor;
				CODE_SIGN_STYLE = Automatic;
				CURRENT_PROJECT_VERSION = 20210108;
				DEVELOPMENT_TEAM = 7XP66VHL84;
				INFOPLIST_FILE = YZMetalLib/Info.plist;
				IPHONEOS_DEPLOYMENT_TARGET = 9.0;
				LD_RUNPATH_SEARCH_PATHS = (
					"$(inherited)",
					"@executable_path/Frameworks",
				);
				MARKETING_VERSION = 3.0.4;
				PRODUCT_BUNDLE_IDENTIFIER = com.3ttech.test;
				PRODUCT_NAME = "$(TARGET_NAME)";
				TARGETED_DEVICE_FAMILY = "1,2";
			};
			name = Debug;
		};
		9BB00058257FB7F600207AF3 /* Release */ = {
			isa = XCBuildConfiguration;
			buildSettings = {
				ASSETCATALOG_COMPILER_APPICON_NAME = AppIcon;
				ASSETCATALOG_COMPILER_GLOBAL_ACCENT_COLOR_NAME = AccentColor;
				CODE_SIGN_STYLE = Automatic;
				CURRENT_PROJECT_VERSION = 20210108;
				DEVELOPMENT_TEAM = 7XP66VHL84;
				INFOPLIST_FILE = YZMetalLib/Info.plist;
				IPHONEOS_DEPLOYMENT_TARGET = 9.0;
				LD_RUNPATH_SEARCH_PATHS = (
					"$(inherited)",
					"@executable_path/Frameworks",
				);
				MARKETING_VERSION = 3.0.4;
				PRODUCT_BUNDLE_IDENTIFIER = com.3ttech.test;
				PRODUCT_NAME = "$(TARGET_NAME)";
				TARGETED_DEVICE_FAMILY = "1,2";
			};
			name = Release;
		};
/* End XCBuildConfiguration section */

/* Begin XCConfigurationList section */
		9BB00038257FB7F400207AF3 /* Build configuration list for PBXProject "YZMetalLib" */ = {
			isa = XCConfigurationList;
			buildConfigurations = (
				9BB00054257FB7F600207AF3 /* Debug */,
				9BB00055257FB7F600207AF3 /* Release */,
			);
			defaultConfigurationIsVisible = 0;
			defaultConfigurationName = Release;
		};
		9BB00056257FB7F600207AF3 /* Build configuration list for PBXNativeTarget "YZMetalLib" */ = {
			isa = XCConfigurationList;
			buildConfigurations = (
				9BB00057257FB7F600207AF3 /* Debug */,
				9BB00058257FB7F600207AF3 /* Release */,
			);
			defaultConfigurationIsVisible = 0;
			defaultConfigurationName = Release;
		};
/* End XCConfigurationList section */
	};
	rootObject = 9BB00035257FB7F400207AF3 /* Project object */;
}
